Microsoft Visual Studio Solution File, Format Version 12.00
# Visual Studio Version 17
VisualStudioVersion = 17.5.2.0
MinimumVisualStudioVersion = 10.0.40219.1
Project("{FAE04EC0-301F-11D3-BF4B-00C04F79EFBC}") = "NepHubAPI", "NepHubAPI.csproj", "{BE5F7F58-3A5D-2C62-809E-24EFAD7A91F5}"
EndProject
Global
	GlobalSection(SolutionConfigurationPlatforms) = preSolution
		Debug|Any CPU = Debug|Any CPU
		Release|Any CPU = Release|Any CPU
	EndGlobalSection
	GlobalSection(ProjectConfigurationPlatforms) = postSolution
		{BE5F7F58-3A5D-2C62-809E-24EFAD7A91F5}.Debug|Any CPU.ActiveCfg = Debug|Any CPU
		{BE5F7F58-3A5D-2C62-809E-24EFAD7A91F5}.Debug|Any CPU.Build.0 = Debug|Any CPU
		{BE5F7F58-3A5D-2C62-809E-24EFAD7A91F5}.Release|Any CPU.ActiveCfg = Release|Any CPU
		{BE5F7F58-3A5D-2C62-809E-24EFAD7A91F5}.Release|Any CPU.Build.0 = Release|Any CPU
	EndGlobalSection
	GlobalSection(SolutionProperties) = preSolution
		HideSolutionNode = FALSE
	EndGlobalSection
	GlobalSection(ExtensibilityGlobals) = postSolution
		SolutionGuid = {18AB7EEF-7B74-4075-AD9F-71CDC860F672}
	EndGlobalSection
EndGlobal
